PODS:
  - IGListDiffKit (4.0.0)
  - IGListKit (4.0.0):
    - IGListDiffKit (= 4.0.0)
  - PINCache (3.0.3):
    - PINCache/Arc-exception-safe (= 3.0.3)
    - PINCache/Core (= 3.0.3)
  - PINCache/Arc-exception-safe (3.0.3):
    - PINCache/Core
  - PINCache/Core (3.0.3):
    - PINOperation (~> 1.2.1)
  - PINOperation (1.2.2)
  - PINRemoteImage/Core (3.0.3):
    - PINOperation
  - PINRemoteImage/iOS (3.0.3):
    - PINRemoteImage/Core
  - PINRemoteImage/PINCache (3.0.3):
    - PINCache (~> 3.0.3)
    - PINRemoteImage/Core
  - Texture/Core (3.1.0)
  - "Texture/IGListKit+PinRemote (3.1.0)":
    - IGListDiffKit (~> 4.0)
    - IGListKit (~> 4.0)
    - PINRemoteImage/iOS
    - PINRemoteImage/PINCache
    - Texture/Core

DEPENDENCIES:
  - "Texture/IGListKit+PinRemote (from `https://github.com/Zabolotiny/Texture.git`, branch `releases/p11.9`)"

SPEC REPOS:
  trunk:
    - IGListDiffKit
    - IGListKit
    - PINCache
    - PINOperation
    - PINRemoteImage

EXTERNAL SOURCES:
  Texture:
    :branch: releases/p11.9
    :git: https://github.com/Zabolotiny/Texture.git

CHECKOUT OPTIONS:
  Texture:
    :commit: 97a33ca06ef8a3f2bfde79ea18311751fa9629ff
    :git: https://github.com/Zabolotiny/Texture.git

SPEC CHECKSUMS:
  IGListDiffKit: 665d6cf43ce726e676013db9c7d6c4294259b6b2
  IGListKit: fd5a5d21935298f5849fa49d426843cff97b77c7
  PINCache: 7a8fc1a691173d21dbddbf86cd515de6efa55086
  PINOperation: daa34d4aa1d8449089be7d405b9d974abc4724c6
  PINRemoteImage: f1295b29f8c5e640e25335a1b2bd9d805171bd01
  Texture: c7390bc5527f860fe70658e1fd13ff30c61b9ec8

PODFILE CHECKSUM: 75507faebcf56a81d2d1590123e9515bb9419d31

COCOAPODS: 1.11.3
